
Microsoft Visual Studio Solution File, Format Version 12.00
# Visual Studio Version 16
VisualStudioVersion = 16.0.32002.261
MinimumVisualStudioVersion = 10.0.40219.1
Project("{FAE04EC0-301F-11D3-BF4B-00C04F79EFBC}") = "Game.UWP", "Game\Game.UWP\Game.UWP.csproj", "{53A4D59A-F0C5-49B3-849C-278EB254253A}"
EndProject
Project("{FAE04EC0-301F-11D3-BF4B-00C04F79EFBC}") = "Game.Android", "Game\Game.Android\Game.Android.csproj", "{6F466D16-3C2D-4B7A-BE86-3BDAC28F2F36}"
EndProject
Project("{FAE04EC0-301F-11D3-BF4B-00C04F79EFBC}") = "Game.iOS", "Game\Game.iOS\Game.iOS.csproj", "{B24DD120-C27D-480B-A7CB-EC24B08C39D1}"
EndProject
Project("{9A19103F-16F7-4668-BE54-9A1E7A4F7556}") = "Game", "Game\Game\Game.csproj", "{147C435E-B0CF-4588-B930-6EF9E963E670}"
EndProject
Project("{9A19103F-16F7-4668-BE54-9A1E7A4F7556}") = "UnitTests", "UnitTests\UnitTests.csproj", "{18B89687-08A1-435D-9F65-9049F1A92005}"
EndProject
Project("{2150E333-8FDC-42A3-9474-1A3956D46DE8}") = "Solution Items", "Solution Items", "{56B32B51-4E42-46AE-9FE3-C0294F5A4AD3}"
	ProjectSection(SolutionItems) = preProject
		.editorconfig = .editorconfig
	EndProjectSection
EndProject
Global
	GlobalSection(SolutionConfigurationPlatforms) = preSolution
		Debug|Any CPU = Debug|Any CPU
		Debug|ARM = Debug|ARM
		Debug|iPhone = Debug|iPhone
		Debug|iPhoneSimulator = Debug|iPhoneSimulator
		Debug|x64 = Debug|x64
		Debug|x86 = Debug|x86
		Release|Any CPU = Release|Any CPU
		Release|ARM = Release|ARM
		Release|iPhone = Release|iPhone
		Release|iPhoneSimulator = Release|iPhoneSimulator
		Release|x64 = Release|x64
		Release|x86 = Release|x86
	EndGlobalSection
	GlobalSection(ProjectConfigurationPlatforms) = postSolution
		{53A4D59A-F0C5-49B3-849C-278EB254253A}.Debug|Any CPU.ActiveCfg = Debug|x86
		{53A4D59A-F0C5-49B3-849C-278EB254253A}.Debug|Any CPU.Build.0 = Debug|x86
		{53A4D59A-F0C5-49B3-849C-278EB254253A}.Debug|Any CPU.Deploy.0 = Debug|x86
		{53A4D59A-F0C5-49B3-849C-278EB254253A}.Debug|ARM.ActiveCfg = Debug|ARM
		{53A4D59A-F0C5-49B3-849C-278EB254253A}.Debug|ARM.Build.0 = Debug|ARM
		{53A4D59A-F0C5-49B3-849C-278EB254253A}.Debug|ARM.Deploy.0 = Debug|ARM
		{53A4D59A-F0C5-49B3-849C-278EB254253A}.Debug|iPhone.ActiveCfg = Debug|x86
		{53A4D59A-F0C5-49B3-849C-278EB254253A}.Debug|iPhone.Build.0 = Debug|x86
		{53A4D59A-F0C5-49B3-849C-278EB254253A}.Debug|iPhone.Deploy.0 = Debug|x86
		{53A4D59A-F0C5-49B3-849C-278EB254253A}.Debug|iPhoneSimulator.ActiveCfg = Debug|x86
		{53A4D59A-F0C5-49B3-849C-278EB254253A}.Debug|iPhoneSimulator.Build.0 = Debug|x86
		{53A4D59A-F0C5-49B3-849C-278EB254253A}.Debug|iPhoneSimulator.Deploy.0 = Debug|x86
		{53A4D59A-F0C5-49B3-849C-278EB254253A}.Debug|x64.ActiveCfg = Debug|x64
		{53A4D59A-F0C5-49B3-849C-278EB254253A}.Debug|x64.Build.0 = Debug|x64
		{53A4D59A-F0C5-49B3-849C-278EB254253A}.Debug|x64.Deploy.0 = Debug|x64
		{53A4D59A-F0C5-49B3-849C-278EB254253A}.Debug|x86.ActiveCfg = Debug|x86
		{53A4D59A-F0C5-49B3-849C-278EB254253A}.Debug|x86.Build.0 = Debug|x86
		{53A4D59A-F0C5-49B3-849C-278EB254253A}.Debug|x86.Deploy.0 = Debug|x86
		{53A4D59A-F0C5-49B3-849C-278EB254253A}.Release|Any CPU.ActiveCfg = Release|x86
		{53A4D59A-F0C5-49B3-849C-278EB254253A}.Release|Any CPU.Build.0 = Release|x86
		{53A4D59A-F0C5-49B3-849C-278EB254253A}.Release|Any CPU.Deploy.0 = Release|x86
		{53A4D59A-F0C5-49B3-849C-278EB254253A}.Release|ARM.ActiveCfg = Release|ARM
		{53A4D59A-F0C5-49B3-849C-278EB254253A}.Release|ARM.Build.0 = Release|ARM
		{53A4D59A-F0C5-49B3-849C-278EB254253A}.Release|ARM.Deploy.0 = Release|ARM
		{53A4D59A-F0C5-49B3-849C-278EB254253A}.Release|iPhone.ActiveCfg = Release|x86
		{53A4D59A-F0C5-49B3-849C-278EB254253A}.Release|iPhone.Build.0 = Release|x86
		{53A4D59A-F0C5-49B3-849C-278EB254253A}.Release|iPhone.Deploy.0 = Release|x86
		{53A4D59A-F0C5-49B3-849C-278EB254253A}.Release|iPhoneSimulator.ActiveCfg = Release|x86
		{53A4D59A-F0C5-49B3-849C-278EB254253A}.Release|iPhoneSimulator.Build.0 = Release|x86
		{53A4D59A-F0C5-49B3-849C-278EB254253A}.Release|iPhoneSimulator.Deploy.0 = Release|x86
		{53A4D59A-F0C5-49B3-849C-278EB254253A}.Release|x64.ActiveCfg = Release|x64
		{53A4D59A-F0C5-49B3-849C-278EB254253A}.Release|x64.Build.0 = Release|x64
		{53A4D59A-F0C5-49B3-849C-278EB254253A}.Release|x64.Deploy.0 = Release|x64
		{53A4D59A-F0C5-49B3-849C-278EB254253A}.Release|x86.ActiveCfg = Release|x86
		{53A4D59A-F0C5-49B3-849C-278EB254253A}.Release|x86.Build.0 = Release|x86
		{53A4D59A-F0C5-49B3-849C-278EB254253A}.Release|x86.Deploy.0 = Release|x86
		{6F466D16-3C2D-4B7A-BE86-3BDAC28F2F36}.Debug|Any CPU.ActiveCfg = Debug|Any CPU
		{6F466D16-3C2D-4B7A-BE86-3BDAC28F2F36}.Debug|Any CPU.Build.0 = Debug|Any CPU
		{6F466D16-3C2D-4B7A-BE86-3BDAC28F2F36}.Debug|Any CPU.Deploy.0 = Debug|Any CPU
		{6F466D16-3C2D-4B7A-BE86-3BDAC28F2F36}.Debug|ARM.ActiveCfg = Debug|Any CPU
		{6F466D16-3C2D-4B7A-BE86-3BDAC28F2F36}.Debug|ARM.Build.0 = Debug|Any CPU
		{6F466D16-3C2D-4B7A-BE86-3BDAC28F2F36}.Debug|ARM.Deploy.0 = Debug|Any CPU
		{6F466D16-3C2D-4B7A-BE86-3BDAC28F2F36}.Debug|iPhone.ActiveCfg = Debug|Any CPU
		{6F466D16-3C2D-4B7A-BE86-3BDAC28F2F36}.Debug|iPhone.Build.0 = Debug|Any CPU
		{6F466D16-3C2D-4B7A-BE86-3BDAC28F2F36}.Debug|iPhone.Deploy.0 = Debug|Any CPU
		{6F466D16-3C2D-4B7A-BE86-3BDAC28F2F36}.Debug|iPhoneSimulator.ActiveCfg = Debug|Any CPU
		{6F466D16-3C2D-4B7A-BE86-3BDAC28F2F36}.Debug|iPhoneSimulator.Build.0 = Debug|Any CPU
		{6F466D16-3C2D-4B7A-BE86-3BDAC28F2F36}.Debug|iPhoneSimulator.Deploy.0 = Debug|Any CPU
		{6F466D16-3C2D-4B7A-BE86-3BDAC28F2F36}.Debug|x64.ActiveCfg = Debug|Any CPU
		{6F466D16-3C2D-4B7A-BE86-3BDAC28F2F36}.Debug|x64.Build.0 = Debug|Any CPU
		{6F466D16-3C2D-4B7A-BE86-3BDAC28F2F36}.Debug|x64.Deploy.0 = Debug|Any CPU
		{6F466D16-3C2D-4B7A-BE86-3BDAC28F2F36}.Debug|x86.ActiveCfg = Debug|Any CPU
		{6F466D16-3C2D-4B7A-BE86-3BDAC28F2F36}.Debug|x86.Build.0 = Debug|Any CPU
		{6F466D16-3C2D-4B7A-BE86-3BDAC28F2F36}.Debug|x86.Deploy.0 = Debug|Any CPU
		{6F466D16-3C2D-4B7A-BE86-3BDAC28F2F36}.Release|Any CPU.ActiveCfg = Release|Any CPU
		{6F466D16-3C2D-4B7A-BE86-3BDAC28F2F36}.Release|Any CPU.Build.0 = Release|Any CPU
		{6F466D16-3C2D-4B7A-BE86-3BDAC28F2F36}.Release|Any CPU.Deploy.0 = Release|Any CPU
		{6F466D16-3C2D-4B7A-BE86-3BDAC28F2F36}.Release|ARM.ActiveCfg = Release|Any CPU
		{6F466D16-3C2D-4B7A-BE86-3BDAC28F2F36}.Release|ARM.Build.0 = Release|Any CPU
		{6F466D16-3C2D-4B7A-BE86-3BDAC28F2F36}.Release|ARM.Deploy.0 = Release|Any CPU
		{6F466D16-3C2D-4B7A-BE86-3BDAC28F2F36}.Release|iPhone.ActiveCfg = Release|Any CPU
		{6F466D16-3C2D-4B7A-BE86-3BDAC28F2F36}.Release|iPhone.Build.0 = Release|Any CPU
		{6F466D16-3C2D-4B7A-BE86-3BDAC28F2F36}.Release|iPhone.Deploy.0 = Release|Any CPU
		{6F466D16-3C2D-4B7A-BE86-3BDAC28F2F36}.Release|iPhoneSimulator.ActiveCfg = Release|Any CPU
		{6F466D16-3C2D-4B7A-BE86-3BDAC28F2F36}.Release|iPhoneSimulator.Build.0 = Release|Any CPU
		{6F466D16-3C2D-4B7A-BE86-3BDAC28F2F36}.Release|iPhoneSimulator.Deploy.0 = Release|Any CPU
		{6F466D16-3C2D-4B7A-BE86-3BDAC28F2F36}.Release|x64.ActiveCfg = Release|Any CPU
		{6F466D16-3C2D-4B7A-BE86-3BDAC28F2F36}.Release|x64.Build.0 = Release|Any CPU
		{6F466D16-3C2D-4B7A-BE86-3BDAC28F2F36}.Release|x64.Deploy.0 = Release|Any CPU
		{6F466D16-3C2D-4B7A-BE86-3BDAC28F2F36}.Release|x86.ActiveCfg = Release|Any CPU
		{6F466D16-3C2D-4B7A-BE86-3BDAC28F2F36}.Release|x86.Build.0 = Release|Any CPU
		{6F466D16-3C2D-4B7A-BE86-3BDAC28F2F36}.Release|x86.Deploy.0 = Release|Any CPU
		{B24DD120-C27D-480B-A7CB-EC24B08C39D1}.Debug|Any CPU.ActiveCfg = Debug|iPhoneSimulator
		{B24DD120-C27D-480B-A7CB-EC24B08C39D1}.Debug|Any CPU.Build.0 = Debug|iPhoneSimulator
		{B24DD120-C27D-480B-A7CB-EC24B08C39D1}.Debug|Any CPU.Deploy.0 = Debug|iPhoneSimulator
		{B24DD120-C27D-480B-A7CB-EC24B08C39D1}.Debug|ARM.ActiveCfg = Debug|iPhone
		{B24DD120-C27D-480B-A7CB-EC24B08C39D1}.Debug|ARM.Build.0 = Debug|iPhone
		{B24DD120-C27D-480B-A7CB-EC24B08C39D1}.Debug|ARM.Deploy.0 = Debug|iPhone
		{B24DD120-C27D-480B-A7CB-EC24B08C39D1}.Debug|iPhone.ActiveCfg = Debug|iPhone
		{B24DD120-C27D-480B-A7CB-EC24B08C39D1}.Debug|iPhone.Build.0 = Debug|iPhone
		{B24DD120-C27D-480B-A7CB-EC24B08C39D1}.Debug|iPhone.Deploy.0 = Debug|iPhone
		{B24DD120-C27D-480B-A7CB-EC24B08C39D1}.Debug|iPhoneSimulator.ActiveCfg = Debug|iPhoneSimulator
		{B24DD120-C27D-480B-A7CB-EC24B08C39D1}.Debug|iPhoneSimulator.Build.0 = Debug|iPhoneSimulator
		{B24DD120-C27D-480B-A7CB-EC24B08C39D1}.Debug|iPhoneSimulator.Deploy.0 = Debug|iPhoneSimulator
		{B24DD120-C27D-480B-A7CB-EC24B08C39D1}.Debug|x64.ActiveCfg = Debug|iPhoneSimulator
		{B24DD120-C27D-480B-A7CB-EC24B08C39D1}.Debug|x64.Build.0 = Debug|iPhoneSimulator
		{B24DD120-C27D-480B-A7CB-EC24B08C39D1}.Debug|x64.Deploy.0 = Debug|iPhoneSimulator
		{B24DD120-C27D-480B-A7CB-EC24B08C39D1}.Debug|x86.ActiveCfg = Debug|iPhoneSimulator
		{B24DD120-C27D-480B-A7CB-EC24B08C39D1}.Debug|x86.Build.0 = Debug|iPhoneSimulator
		{B24DD120-C27D-480B-A7CB-EC24B08C39D1}.Debug|x86.Deploy.0 = Debug|iPhoneSimulator
		{B24DD120-C27D-480B-A7CB-EC24B08C39D1}.Release|Any CPU.ActiveCfg = Release|iPhoneSimulator
		{B24DD120-C27D-480B-A7CB-EC24B08C39D1}.Release|Any CPU.Build.0 = Release|iPhoneSimulator
		{B24DD120-C27D-480B-A7CB-EC24B08C39D1}.Release|Any CPU.Deploy.0 = Release|iPhoneSimulator
		{B24DD120-C27D-480B-A7CB-EC24B08C39D1}.Release|ARM.ActiveCfg = Release|iPhoneSimulator
		{B24DD120-C27D-480B-A7CB-EC24B08C39D1}.Release|ARM.Build.0 = Release|iPhoneSimulator
		{B24DD120-C27D-480B-A7CB-EC24B08C39D1}.Release|ARM.Deploy.0 = Release|iPhoneSimulator
		{B24DD120-C27D-480B-A7CB-EC24B08C39D1}.Release|iPhone.ActiveCfg = Release|iPhone
		{B24DD120-C27D-480B-A7CB-EC24B08C39D1}.Release|iPhone.Build.0 = Release|iPhone
		{B24DD120-C27D-480B-A7CB-EC24B08C39D1}.Release|iPhone.Deploy.0 = Release|iPhone
		{B24DD120-C27D-480B-A7CB-EC24B08C39D1}.Release|iPhoneSimulator.ActiveCfg = Release|iPhoneSimulator
		{B24DD120-C27D-480B-A7CB-EC24B08C39D1}.Release|iPhoneSimulator.Build.0 = Release|iPhoneSimulator
		{B24DD120-C27D-480B-A7CB-EC24B08C39D1}.Release|iPhoneSimulator.Deploy.0 = Release|iPhoneSimulator
		{B24DD120-C27D-480B-A7CB-EC24B08C39D1}.Release|x64.ActiveCfg = Release|iPhoneSimulator
		{B24DD120-C27D-480B-A7CB-EC24B08C39D1}.Release|x64.Build.0 = Release|iPhoneSimulator
		{B24DD120-C27D-480B-A7CB-EC24B08C39D1}.Release|x64.Deploy.0 = Release|iPhoneSimulator
		{B24DD120-C27D-480B-A7CB-EC24B08C39D1}.Release|x86.ActiveCfg = Release|iPhoneSimulator
		{B24DD120-C27D-480B-A7CB-EC24B08C39D1}.Release|x86.Build.0 = Release|iPhoneSimulator
		{B24DD120-C27D-480B-A7CB-EC24B08C39D1}.Release|x86.Deploy.0 = Release|iPhoneSimulator
		{147C435E-B0CF-4588-B930-6EF9E963E670}.Debug|Any CPU.ActiveCfg = Debug|Any CPU
		{147C435E-B0CF-4588-B930-6EF9E963E670}.Debug|Any CPU.Build.0 = Debug|Any CPU
		{147C435E-B0CF-4588-B930-6EF9E963E670}.Debug|Any CPU.Deploy.0 = Debug|Any CPU
		{147C435E-B0CF-4588-B930-6EF9E963E670}.Debug|ARM.ActiveCfg = Debug|Any CPU
		{147C435E-B0CF-4588-B930-6EF9E963E670}.Debug|ARM.Build.0 = Debug|Any CPU
		{147C435E-B0CF-4588-B930-6EF9E963E670}.Debug|ARM.Deploy.0 = Debug|Any CPU
		{147C435E-B0CF-4588-B930-6EF9E963E670}.Debug|iPhone.ActiveCfg = Debug|Any CPU
		{147C435E-B0CF-4588-B930-6EF9E963E670}.Debug|iPhone.Build.0 = Debug|Any CPU
		{147C435E-B0CF-4588-B930-6EF9E963E670}.Debug|iPhone.Deploy.0 = Debug|Any CPU
		{147C435E-B0CF-4588-B930-6EF9E963E670}.Debug|iPhoneSimulator.ActiveCfg = Debug|Any CPU
		{147C435E-B0CF-4588-B930-6EF9E963E670}.Debug|iPhoneSimulator.Build.0 = Debug|Any CPU
		{147C435E-B0CF-4588-B930-6EF9E963E670}.Debug|iPhoneSimulator.Deploy.0 = Debug|Any CPU
		{147C435E-B0CF-4588-B930-6EF9E963E670}.Debug|x64.ActiveCfg = Debug|Any CPU
		{147C435E-B0CF-4588-B930-6EF9E963E670}.Debug|x64.Build.0 = Debug|Any CPU
		{147C435E-B0CF-4588-B930-6EF9E963E670}.Debug|x64.Deploy.0 = Debug|Any CPU
		{147C435E-B0CF-4588-B930-6EF9E963E670}.Debug|x86.ActiveCfg = Debug|Any CPU
		{147C435E-B0CF-4588-B930-6EF9E963E670}.Debug|x86.Build.0 = Debug|Any CPU
		{147C435E-B0CF-4588-B930-6EF9E963E670}.Debug|x86.Deploy.0 = Debug|Any CPU
		{147C435E-B0CF-4588-B930-6EF9E963E670}.Release|Any CPU.ActiveCfg = Release|Any CPU
		{147C435E-B0CF-4588-B930-6EF9E963E670}.Release|Any CPU.Build.0 = Release|Any CPU
		{147C435E-B0CF-4588-B930-6EF9E963E670}.Release|Any CPU.Deploy.0 = Release|Any CPU
		{147C435E-B0CF-4588-B930-6EF9E963E670}.Release|ARM.ActiveCfg = Release|Any CPU
		{147C435E-B0CF-4588-B930-6EF9E963E670}.Release|ARM.Build.0 = Release|Any CPU
		{147C435E-B0CF-4588-B930-6EF9E963E670}.Release|ARM.Deploy.0 = Release|Any CPU
		{147C435E-B0CF-4588-B930-6EF9E963E670}.Release|iPhone.ActiveCfg = Release|Any CPU
		{147C435E-B0CF-4588-B930-6EF9E963E670}.Release|iPhone.Build.0 = Release|Any CPU
		{147C435E-B0CF-4588-B930-6EF9E963E670}.Release|iPhone.Deploy.0 = Release|Any CPU
		{147C435E-B0CF-4588-B930-6EF9E963E670}.Release|iPhoneSimulator.ActiveCfg = Release|Any CPU
		{147C435E-B0CF-4588-B930-6EF9E963E670}.Release|iPhoneSimulator.Build.0 = Release|Any CPU
		{147C435E-B0CF-4588-B930-6EF9E963E670}.Release|iPhoneSimulator.Deploy.0 = Release|Any CPU
		{147C435E-B0CF-4588-B930-6EF9E963E670}.Release|x64.ActiveCfg = Release|Any CPU
		{147C435E-B0CF-4588-B930-6EF9E963E670}.Release|x64.Build.0 = Release|Any CPU
		{147C435E-B0CF-4588-B930-6EF9E963E670}.Release|x64.Deploy.0 = Release|Any CPU
		{147C435E-B0CF-4588-B930-6EF9E963E670}.Release|x86.ActiveCfg = Release|Any CPU
		{147C435E-B0CF-4588-B930-6EF9E963E670}.Release|x86.Build.0 = Release|Any CPU
		{147C435E-B0CF-4588-B930-6EF9E963E670}.Release|x86.Deploy.0 = Release|Any CPU
		{18B89687-08A1-435D-9F65-9049F1A92005}.Debug|Any CPU.ActiveCfg = Debug|Any CPU
		{18B89687-08A1-435D-9F65-9049F1A92005}.Debug|Any CPU.Build.0 = Debug|Any CPU
		{18B89687-08A1-435D-9F65-9049F1A92005}.Debug|ARM.ActiveCfg = Debug|Any CPU
		{18B89687-08A1-435D-9F65-9049F1A92005}.Debug|ARM.Build.0 = Debug|Any CPU
		{18B89687-08A1-435D-9F65-9049F1A92005}.Debug|iPhone.ActiveCfg = Debug|Any CPU
		{18B89687-08A1-435D-9F65-9049F1A92005}.Debug|iPhone.Build.0 = Debug|Any CPU
		{18B89687-08A1-435D-9F65-9049F1A92005}.Debug|iPhoneSimulator.ActiveCfg = Debug|Any CPU
		{18B89687-08A1-435D-9F65-9049F1A92005}.Debug|iPhoneSimulator.Build.0 = Debug|Any CPU
		{18B89687-08A1-435D-9F65-9049F1A92005}.Debug|x64.ActiveCfg = Debug|Any CPU
		{18B89687-08A1-435D-9F65-9049F1A92005}.Debug|x64.Build.0 = Debug|Any CPU
		{18B89687-08A1-435D-9F65-9049F1A92005}.Debug|x86.ActiveCfg = Debug|Any CPU
		{18B89687-08A1-435D-9F65-9049F1A92005}.Debug|x86.Build.0 = Debug|Any CPU
		{18B89687-08A1-435D-9F65-9049F1A92005}.Release|Any CPU.ActiveCfg = Release|Any CPU
		{18B89687-08A1-435D-9F65-9049F1A92005}.Release|Any CPU.Build.0 = Release|Any CPU
		{18B89687-08A1-435D-9F65-9049F1A92005}.Release|ARM.ActiveCfg = Release|Any CPU
		{18B89687-08A1-435D-9F65-9049F1A92005}.Release|ARM.Build.0 = Release|Any CPU
		{18B89687-08A1-435D-9F65-9049F1A92005}.Release|iPhone.ActiveCfg = Release|Any CPU
		{18B89687-08A1-435D-9F65-9049F1A92005}.Release|iPhone.Build.0 = Release|Any CPU
		{18B89687-08A1-435D-9F65-9049F1A92005}.Release|iPhoneSimulator.ActiveCfg = Release|Any CPU
		{18B89687-08A1-435D-9F65-9049F1A92005}.Release|iPhoneSimulator.Build.0 = Release|Any CPU
		{18B89687-08A1-435D-9F65-9049F1A92005}.Release|x64.ActiveCfg = Release|Any CPU
		{18B89687-08A1-435D-9F65-9049F1A92005}.Release|x64.Build.0 = Release|Any CPU
		{18B89687-08A1-435D-9F65-9049F1A92005}.Release|x86.ActiveCfg = Release|Any CPU
		{18B89687-08A1-435D-9F65-9049F1A92005}.Release|x86.Build.0 = Release|Any CPU
	EndGlobalSection
	GlobalSection(SolutionProperties) = preSolution
		HideSolutionNode = FALSE
	EndGlobalSection
	GlobalSection(ExtensibilityGlobals) = postSolution
		SolutionGuid = {F5488181-767A-4DA2-A996-61AF5A79D6DA}
	EndGlobalSection
EndGlobal
